# generated by rye
# use `rye lock` or `rye sync` to update this lockfile
#
# last locked with the following flags:
#   pre: false
#   features: []
#   all-features: false
#   with-sources: false
#   generate-hashes: false
#   universal: false

-e file:.
cffi==1.17.1
    # via cryptography
coverage==7.6.1
    # via pytest-cov
cryptography==44.0.0
    # via joserfc
exceptiongroup==1.2.2
    # via pytest
iniconfig==2.0.0
    # via pytest
mypy==1.14.1
mypy-extensions==1.0.0
    # via mypy
packaging==24.2
    # via pytest
pluggy==1.5.0
    # via pytest
pycparser==2.22
    # via cffi
pycryptodome==3.21.0
pytest==8.3.4
    # via pytest-cov
pytest-cov==5.0.0
ruff==0.9.2
tomli==2.2.1
    # via coverage
    # via mypy
    # via pytest
typing-extensions==4.12.2
    # via mypy
